
Microsoft Visual Studio Solution File, Format Version 12.00
# Visual Studio Version 16
VisualStudioVersion = 16.0.31019.35
MinimumVisualStudioVersion = 10.0.40219.1
Project("{FAE04EC0-301F-11D3-BF4B-00C04F79EFBC}") = "Vidracaria_Portal", "Vidracaria_Portal\Vidracaria_Portal.csproj", "{A40AAEC8-E0EA-4866-A06C-291479DFCF09}"
EndProject
Global
	GlobalSection(SolutionConfigurationPlatforms) = preSolution
		Debug|Any CPU = Debug|Any CPU
		Release|Any CPU = Release|Any CPU
	EndGlobalSection
	GlobalSection(ProjectConfigurationPlatforms) = postSolution
		{A40AAEC8-E0EA-4866-A06C-291479DFCF09}.Debug|Any CPU.ActiveCfg = Debug|Any CPU
		{A40AAEC8-E0EA-4866-A06C-291479DFCF09}.Debug|Any CPU.Build.0 = Debug|Any CPU
		{A40AAEC8-E0EA-4866-A06C-291479DFCF09}.Release|Any CPU.ActiveCfg = Release|Any CPU
		{A40AAEC8-E0EA-4866-A06C-291479DFCF09}.Release|Any CPU.Build.0 = Release|Any CPU
	EndGlobalSection
	GlobalSection(SolutionProperties) = preSolution
		HideSolutionNode = FALSE
	EndGlobalSection
	GlobalSection(ExtensibilityGlobals) = postSolution
		SolutionGuid = {3A9F00AA-C302-47FA-A98F-B7A9FAEF0F57}
	EndGlobalSection
EndGlobal
